lockfileVersion: '9.0'

settings:
  autoInstallPeers: true
  excludeLinksFromLockfile: false

importers:

  .:
    dependencies:
      youtubei.js:
        specifier: 17.0.1
        version: 17.0.1

packages:

  '@bufbuild/protobuf@2.12.0':
    resolution: {integrity: sha512-B/XlCaFIP8LOwzo+bz5uFzATYokcwCKQcghqnlfwSmM5eX/qTkvDBnDPs+gXtX/RyjxJ4DRikECcPJbyALA8FA==}

  meriyah@6.1.4:
    resolution: {integrity: sha512-Sz8FzjzI0kN13GK/6MVEsVzMZEPvOhnmmI1lU5+/1cGOiK3QUahntrNNtdVeihrO7t9JpoH75iMNXg6R6uWflQ==}
    engines: {node: '>=18.0.0'}

  youtubei.js@17.0.1:
    resolution: {integrity: sha512-1lO4b8UqMDzE0oh2qEGzbBOd4UYRdxn/4PdpRM7BGTHxM6ddsEsKZTu90jp8V9FHVgC2h1UirQyqoqLiKwl+Zg==}

snapshots:

  '@bufbuild/protobuf@2.12.0': {}

  meriyah@6.1.4: {}

  youtubei.js@17.0.1:
    dependencies:
      '@bufbuild/protobuf': 2.12.0
      meriyah: 6.1.4
